# This is a Go module checksum file, generated by the 'go mod tidy' and 'go mod verify' commands.
github.com/lib/pq v1.10.7 h1:X3U8O2ip8DCjQydd3WQW2PTEY4cC2rCC4UrMj5NUdYc=
github.com/prisma/prisma-client-go v0.13.1 h1:QDnWVz7R5k5z0B8hjF9q9GK6KX3bT1U9b9Z6K9nX5KoQ=
cloud.google.com/go v0.93.3 h1:8PIaSe+12jPTUwYx+8ZqLoJCZ7l8/gXRj3BjW/LX9Kc=
cloud.google.com/go/datastore v1.10.0 h1:Kl2zya7uyt99j3+RFU+JhCK3jRt7rJ1X+Gj3LhROZ3dE=
cloud.google.com/go/pubsub v1.20.0 h1:W6t8Xu0p9Y9RDq6CKf5hhqj/vT6t6QV1K6TT3W1e8QoY=
cloud.google.com/go/storage v1.23.0 h1:RkxkZbqvP5h0/NG5sAEJj3UVXPY9zG5iYd27Gcs1+hQ=
github.com/Shopify/sarama v1.27.1 h1:8Sd8Z0lT+isSe8/mGuu0KDS/OExyT3vEBXu8V9y+H14=
github.com/cockroachdb/apd v2.0.1+incompatible h1:XORAzDDrf5NHtcGNH33wEWhv11oUrIm5mEX0M7kwPcY=
github.com/cockroachdb/cockroach-go/v2 v2.7.0 h1:Yr4a3/HBQa4DyNv0q4jNf1fzJ0L4H5Wp5vY7WkW0eU=
github.com/containerd/containerd v1.6.6 h1:5Mr0f1K57cxYL1aPG1Vd0qj4c9i3n0f4y9rj5l8nMzY=
github.com/containerd/continuity fs2 v0.2.0 h1:6W+Yo5cE6cyR6tDhM1PgeyJZ2H7qQ9/AE0xX4kH0kQ=
github.com/dgrijalva/jwt-go v3.2.0+incompatible h1:7nDUsc14pnxYS4vAIFARxJI8D6l88odaGOkzdqhXV94=
github.com/docker/docker v20.10.7+incompatible h1:KXE9xJL+qAdXn0HJEcQbIrF3h6Q0JLQ1T4xXlJ3aT1Y=
github.com/docker/go-connections v0.4.1 h1:Jo2tdSIl0+3UDW7GAd5u1G9q0wLr3K4N7rGyK0+5gkY=
github.com/docker/go-metrics v0.0.1 h1:8E1269682v66AqRCe+qI4qTW McNWDBqXoIh5pZY/xY=
github.com/docker/go-units v0.4.2 h1:3uh0CG3JSOv14+pu9Vl/unmWWrUoyQ8co+uaec6zIFc=
github.com/emicklei/go-restful/v2 v2.17.0 h1:KdK9gLD/gfNich4Z2hK4lIuNCGHhxBZq48CrJ/hS/hE=
github.com/envoyproxy/go-control-plane v0.10.2 h1:9avdWGKw7fzAhqTWJzmcKaXXrnTXBYm5HgQEv+eDOo8=
github.com/envoyproxy/protoc-gen-validate v0.6.13 h1:EQciWZyi9xzFGHyG+On6R2pRcRqjBwoO4+G9VtiP5zY=
github.com/flynn/go-shlex v0.1.0 h1:BHsljHzVlRcyQhjbtcHKtM9o/p725z2D6ngU4yR0q2s=
github.com/frankban/quicktest v1.14.0 h1:8x9nvx57BdYzbD9xvLStImMAs94/Hx6EL+3dT1Wq6UY=
github.com/fsnotify/fsnotify v1.5.1 h1:hsms1QZlEe6vvp4FG83W9mJAYm5SWvOjR3WNhFwWJd8=
github.com/goccy/go-json v0.10.1 h1:3XZK1Wd+QYfaU8r5b0x8L5WQ8nJdXhRZyWk3GjT6z3U=
github.com/gogo/protobuf v1.3.2 h1:OvP/qTJqjepXmY10W4q6jLp1+GWyPOQNsTSP9m8+4gY=
github.com/golang/gddo v0.0.0-20191009134741-501e34f5fb6d h1:9q6QX9MjXq/hHTYAWFR5REU4sHvRrOx8KqH/pzK8N28=
github.com/golang/glog v0.0.0-20160126235308-23def4e6c14b h1:VKtuKJj3CwcX4irnPRy5cbMBdGj8Ach5hu19fTlM6aY=
github.com/golang/groupcache v0.0.0-20200116044610-8c9f03a8e57e h1:1r7p07TwRYAqKL8LuexCSouB2Gc2juLYT//B9NJBIIo=
github.com/golang/mock v1.6.0 h1:x7NmzUFM5h/y/NC7J18l1ht8OvEGH+1e1CMYH90Ub/U=
github.com/golang/protobuf v1.5.2 h1:Khyj7YiEtCoPNdfj0XTJQuIKLeL3HLKjHw/hdEMCu6TI=
github.com/golang/snappy v0.0.4 h1:QbWg/XK7TzKcRLH7+oRiHn+qL4g8iDYPN9bmZiCB9ME=
github.com/google/btree v1.0.1 h1:0udJVssC8E9DYrdMinVnnYbcFbwGBgUjJPdj9k1E5YI=
github.com/google/go-cmp v0.5.8 h1:O2Tfq5qg7eFYPiv8If8YwRVYHvMh3G/ypEDpUIWA8D0=
github.com/google/gofuzz v1.2.0 h1:xRy4A+IT3GEQnm/z5vzN/qIyOBkZD4i3ymy20LnZ7NM=
github.com/google/uuid v1.3.0 h1:TIyPZe4Mgqvrl8VoB8uMKV7QYqLp8oj9/tlFBLnpr6E=
github.com/gorilla/mux v1.8.0 h1:i40aqfkR1h2SlN9hojwV5ZA91wcXFOvkdNIeFDP5koI=
github.com/grpc-ecosystem/go-grpc-middleware v1.3.0 h1:z53tR0945TRRQO/fWX0y5WHbvzfV65qnMh5VIe8WxxM=
github.com/grpc-ecosystem/go-grpc-prometheus v1.2.0 h1:Ovs26xHkKqVziMuLHfcj2I37OkHtUdtFj2FxR0lJPuA=
github.com/grpc-ecosystem/grpc-gateway v1.16.0 h1:gmcG1KaJ57LophUzW0Hy8NmPhnMZriAAA91nOAmHPYU=
github.com/hashicorp/errwrap v1.0.0 h1:OxrOeh75n0BX8gbEog/gRoIE3ikd7rB9ONuxGAefqOOI=
github.com/hashicorp/go-cleanhttp v0.5.2 h1:fcndX3aa0+chE7wqPML4Nq6FxnTxZV6LjujQKiN7kGY=
github.com/hashicorp/go-hclog v0.12.0 h1:zKWhHDshOop4WCwJXoz/9zQoGd2rQyYF6euV/SDGfgI=
github.com/hashicorp/go-rootcerts v1.0.2 h1:6d4qI9SkbWRBTcdrdI8KTgza76Lama+/BQy8OkdNShc=
github.com/hashicorp/go-sockaddr v1.0.0 h1:ztc5zcRh7wLA23DFI/tlHS4WN0/mOFV6fRed5eetIMM=
github.com/hashicorp/go-uuid v1.0.1 h1:e/7qXzwI4qhCwqcyHzrJdQd/0V9EqEWyrRbSP5gsOfE=
github.com/hashicorp/golang-lru v0.5.4 h1:/aeG8nK/Td24tVhhCLTMaIBHDok20qjuY3PQYsbyTDo=
github.com/hashicorp/hcl/v2 v2.14.1 h1:ZCmRCDG8gPFr9m/S4FVq1HZHIx3arH+wRZJk0Lw7O6XU=
github.com/inconshreveable/mousetrap v1.0.0 h1:Ufi-r2/qPmnAeq9GpyMsYH6RqJeznWhZI3cbSYtdBEc=
github.com/jmespath/go-jmespath v0.4.0 h1:BEgLn5cpjn8N9m+bvRPFmNVYqpbRzXRDcJrAW/wW+LE=
github.com/jmoiron/sqlx v1.2.0 h1:61XYi5eh0Q6Nov7wrK-mNVKf4sU5ohLR/nlff5DBH7c=
github.com/jonboulle/clockwork v0.2.2 h1:UOGuz5FS38u6Q8xvTfsExwMYXInVvKZSHBVCwWe7uqTQ=
github.com/json-iterator/go v1.1.11 h1:Kd6zNvh0M2X3YXjJ73wzIWqV+IM8I3f2axOiI63OHEg=
github.com/klauspost/compress v1.13.6 h1:B5QSSxX8n8Zm9AnkTQV6+1J00hn8LqN3MqYbGCXq2JQ=
github.com/klauspost/cpuid v1.2.3 h1:VgemMqmnk5KUWpGqLLrYlXuRKNxu8geEYNw9blJWn3Q=
github.com/konsorten/go-windows-terminal-sequences v1.0.3 h1:WEZ/5Gj2xjSjIMWtY5KLM6Mv9PNwU6sR1A0BLemQNApA=
github.com/kr/pretty v0.3.0 h1:WgN47aob7Y5QVoA190L9ulqHClSWE63bRtRFK3Jl+5TE=
github.com/kr/text v0.3.7 h1:45sCR5Rtfm9fKxG4W.P.
